{
  "sources": {
    "build-essential": {
      "locked_version": "1.4.2"
    },
    "git": {
      "locked_version": "2.7.0"
    },
    "postgresql": {
      "locked_version": "3.3.4"
    },
    "redisio": {
      "locked_version": "1.7.0"
    },
    "sudo": {
      "locked_version": "2.2.2"
    },
    "users": {
      "locked_version": "1.6.0"
    },
    "chef-solo-search": {
      "locked_version": "0.5.1"
    },
    "ntp": {
      "locked_version": "1.5.0"
    },
    "memcached": {
      "locked_version": "1.6.2"
    },
    "application_ruby": {
      "locked_version": "3.0.2"
    },
    "application_nginx": {
      "locked_version": "2.0.2"
    },
    "rbenv": {
      "locked_version": "1.6.5"
    },
    "byobu": {
      "locked_version": "0.0.1"
    },
    "nodejs": {
      "locked_version": "1.3.0"
    },
    "database": {
      "locked_version": "1.5.2"
    },
    "dmg": {
      "locked_version": "2.0.8"
    },
    "yum": {
      "locked_version": "2.4.2"
    },
    "windows": {
      "locked_version": "1.11.0"
    },
    "chef_handler": {
      "locked_version": "1.1.4"
    },
    "runit": {
      "locked_version": "1.4.0"
    },
    "apt": {
      "locked_version": "2.3.0"
    },
    "openssl": {
      "locked_version": "1.1.0"
    },
    "ulimit": {
      "locked_version": "0.3.2"
    },
    "unicorn": {
      "locked_version": "1.3.0"
    },
    "apache2": {
      "locked_version": "1.8.10"
    },
    "passenger_apache2": {
      "locked_version": "2.1.2"
    },
    "application": {
      "locked_version": "4.1.4"
    },
    "logrotate": {
      "locked_version": "1.4.0"
    },
    "nginx": {
      "locked_version": "2.0.4"
    },
    "bluepill": {
      "locked_version": "2.3.0"
    },
    "rsyslog": {
      "locked_version": "1.9.0"
    },
    "ohai": {
      "locked_version": "1.1.12"
    },
    "mysql": {
      "locked_version": "4.0.10"
    },
    "aws": {
      "locked_version": "1.0.0"
    },
    "xfs": {
      "locked_version": "1.1.0"
    }
  }
}
