DEPENDENCIES
  application_nginx (~> 2.0.2)
  application_puma
    git: https://github.com/timsly/application_puma.git
    revision: 1c8da69ce7a579b43a3ba9c7e4620e185a3f8fb3
  application_ruby
  build-essential
  byobu
  chef-solo-search
  database
  git
  memcached
  nodejs
  ntp
  postgresql
  rbenv
  redisio
  sudo
  users

GRAPH
  7-zip (1.0.2)
    windows (>= 1.2.2)
  apache2 (1.11.0)
    freebsd (>= 0.0.0)
    iptables (>= 0.0.0)
    logrotate (>= 0.0.0)
    pacman (>= 0.0.0)
  application (3.0.0)
  application_nginx (2.0.2)
    application (~> 3.0)
    nginx (>= 0.0.0)
  application_puma (0.0.2)
    puma (>= 0.0.0)
  application_ruby (2.1.4)
    apache2 (>= 0.0.0)
    application (~> 3.0)
    logrotate (~> 1.0)
    passenger_apache2 (>= 0.0.0)
    runit (~> 1.0)
    unicorn (>= 0.0.0)
  apt (2.7.0)
  ark (0.9.0)
    7-zip (>= 0.0.0)
    windows (>= 0.0.0)
  bluepill (2.3.1)
    rsyslog (>= 0.0.0)
  build-essential (2.2.3)
  byobu (0.0.1)
  chef-solo-search (0.5.1)
  chef-sugar (3.1.0)
  chef_handler (1.1.8)
  database (4.0.6)
    postgresql (>= 1.0.0)
  dmg (2.2.2)
  freebsd (0.3.0)
  git (4.2.2)
    build-essential (>= 0.0.0)
    dmg (>= 0.0.0)
    windows (>= 0.0.0)
    yum-epel (>= 0.0.0)
  homebrew (1.12.0)
    build-essential (>= 2.1.2)
  iptables (1.0.0)
  logrotate (1.9.1)
  memcached (1.7.2)
    runit (~> 1.0)
    yum (~> 3.0)
    yum-epel (>= 0.0.0)
  monit (0.7.5)
  nginx (2.7.6)
    apt (~> 2.2)
    bluepill (~> 2.3)
    build-essential (~> 2.0)
    ohai (~> 2.0)
    runit (~> 1.2)
    yum-epel (~> 0.3)
  nodejs (2.4.0)
    apt (>= 0.0.0)
    ark (>= 0.0.0)
    build-essential (>= 0.0.0)
    homebrew (>= 0.0.0)
    yum-epel (>= 0.0.0)
  ntp (1.8.6)
  ohai (2.0.1)
  openssl (4.0.0)
    chef-sugar (>= 0.0.0)
  packagecloud (0.0.18)
  pacman (1.1.1)
  passenger_apache2 (2.2.3)
    apache2 (~> 1.0)
    build-essential (>= 0.0.0)
  postgresql (3.4.18)
    apt (>= 1.9.0)
    build-essential (>= 0.0.0)
    openssl (~> 4.0.0)
  puma (0.1.7)
    logrotate (>= 0.0.0)
    monit (>= 0.0.0)
  rbenv (1.7.1)
    apt (>= 0.0.0)
    build-essential (>= 0.0.0)
    git (>= 0.0.0)
    ohai (>= 1.1)
  redisio (2.3.0)
    build-essential (>= 0.0.0)
    ulimit (>= 0.1.2)
  rsyslog (2.0.0)
  runit (1.6.0)
    packagecloud (>= 0.0.0)
  sudo (2.7.1)
  ulimit (0.3.3)
  unicorn (2.0.0)
  users (1.8.2)
  windows (1.37.0)
    chef_handler (>= 0.0.0)
  yum (3.6.0)
  yum-epel (0.6.0)
    yum (~> 3.0)
